
Microsoft Visual Studio Solution File, Format Version 12.00
# Visual Studio Version 16
VisualStudioVersion = 16.0.28803.352
MinimumVisualStudioVersion = 10.0.40219.1
Project("{9A19103F-16F7-4668-BE54-9A1E7A4F7556}") = "Diamond.Core.Decorator", "Decorator\Diamond.Core.Decorator\Diamond.Core.Decorator.csproj", "{33C88E6C-2FBA-4999-A989-061804C71BEC}"
EndProject
Project("{9A19103F-16F7-4668-BE54-9A1E7A4F7556}") = "Diamond.Core.UnitOfWork", "Unit of Work\Diamond.Core.UnitOfWork\Diamond.Core.UnitOfWork.csproj", "{DFDBC1A2-4689-456A-83F1-60987CA888D6}"
EndProject
Project("{9A19103F-16F7-4668-BE54-9A1E7A4F7556}") = "Diamond.Core.Workflow", "Workflow\Diamond.Core.WorkFlow\Diamond.Core.Workflow.csproj", "{5800ABE8-CFB3-4B25-BA32-611A1BEBD40E}"
EndProject
Project("{9A19103F-16F7-4668-BE54-9A1E7A4F7556}") = "Diamond.Core.Abstractions", "Shared\Diamond.Core.Abstractions\Diamond.Core.Abstractions.csproj", "{85F7F8B5-4576-44FE-9F04-765C4E39AF3C}"
EndProject
Project("{9A19103F-16F7-4668-BE54-9A1E7A4F7556}") = "Diamond.Core.System", "Shared\Diamond.Core.System\Diamond.Core.System.csproj", "{4D6B08F6-D369-4F58-B9D0-3E11E3108E4F}"
EndProject
Project("{9A19103F-16F7-4668-BE54-9A1E7A4F7556}") = "Diamond.Core.Specification", "Specification\Diamond.Core.Specification\Diamond.Core.Specification.csproj", "{41ED848D-3A1F-45E2-9F0F-53C5E9B3E098}"
EndProject
Project("{9A19103F-16F7-4668-BE54-9A1E7A4F7556}") = "Diamond.Core.Workflow.State", "Workflow\Diamond.Core.WorkFlow.State\Diamond.Core.Workflow.State.csproj", "{923C2E38-839B-4400-AAC4-E48DF5AC9E8B}"
EndProject
Project("{9A19103F-16F7-4668-BE54-9A1E7A4F7556}") = "Diamond.Core.AspNet.DoAction", "AspNetCore\Diamond.Core.Mvc\Diamond.Core.AspNet.DoAction.csproj", "{CA5FD446-8EE5-49B5-909D-7AC35AD24FEA}"
EndProject
Project("{9A19103F-16F7-4668-BE54-9A1E7A4F7556}") = "Diamond.Core.AspNet.DoAction.Abstractions", "AspNetCore\Diamond.Core.Mvc.Abstractions\Diamond.Core.AspNet.DoAction.Abstractions.csproj", "{66172244-7A55-4C25-9FE8-933FED883FEA}"
EndProject
Project("{9A19103F-16F7-4668-BE54-9A1E7A4F7556}") = "Diamond.Core.Rules", "Rules\Diamond.Core.Rules\Diamond.Core.Rules.csproj", "{BA0C8F9C-2243-425C-955F-D66ECCB646C7}"
EndProject
Project("{9A19103F-16F7-4668-BE54-9A1E7A4F7556}") = "Diamond.Core.Workflow.Abstractions", "Workflow\Diamond.Core.WorkFlow.Abstractions\Diamond.Core.Workflow.Abstractions.csproj", "{DDBF0AAF-D83C-405F-A9B7-8661689B2491}"
EndProject
Project("{2150E333-8FDC-42A3-9474-1A3956D46DE8}") = "Workflow", "Workflow", "{D2924B42-A572-4D29-AA82-EB69ADC9BBFF}"
EndProject
Project("{2150E333-8FDC-42A3-9474-1A3956D46DE8}") = "Dependency Injection", "Dependency Injection", "{AE576974-2F85-47D3-B00C-5FC577E3F321}"
EndProject
Project("{2150E333-8FDC-42A3-9474-1A3956D46DE8}") = "Examples", "Examples", "{B27AF0DE-B54B-4F22-A25D-3E02107FAC58}"
EndProject
Project("{9A19103F-16F7-4668-BE54-9A1E7A4F7556}") = "Diamond.Core.Workflow.State.Abstractions", "Workflow\Diamond.Core.WorkFlow.State.Abstractions\Diamond.Core.Workflow.State.Abstractions.csproj", "{8193E54B-CEBD-4C7A-A0CE-8647C5014387}"
EndProject
Project("{2150E333-8FDC-42A3-9474-1A3956D46DE8}") = "Shared", "Shared", "{A0DFAB69-CDA7-44ED-BAF0-C5D90FD95072}"
EndProject
Project("{2150E333-8FDC-42A3-9474-1A3956D46DE8}") = "Specification", "Specification", "{A289C427-A10A-4C63-B3BC-2A38147F9943}"
EndProject
Project("{9A19103F-16F7-4668-BE54-9A1E7A4F7556}") = "Diamond.Core.Specification.Abstractions", "Specification\Diamond.Core.Specification.Abstractions\Diamond.Core.Specification.Abstractions.csproj", "{C72CFD4A-A948-49DD-98FB-DEFB36E33157}"
EndProject
Project("{2150E333-8FDC-42A3-9474-1A3956D46DE8}") = "Decorator", "Decorator", "{96401A54-54C5-4347-93A5-BA78E4CCDFED}"
EndProject
Project("{9A19103F-16F7-4668-BE54-9A1E7A4F7556}") = "Diamond.Core.Example.Console", "Examples\Diamond.Core.Example.Console\Diamond.Core.Example.Console.csproj", "{720DF8F4-BBF8-43DB-8536-D52FF900C71B}"
EndProject
Project("{9A19103F-16F7-4668-BE54-9A1E7A4F7556}") = "Diamond.Core.Example.Web", "Examples\Diamond.Core.Example.Web\Diamond.Core.Example.Web.csproj", "{128AD3CF-112F-499D-BF20-27C3B99305D1}"
EndProject
Project("{2150E333-8FDC-42A3-9474-1A3956D46DE8}") = "Rules", "Rules", "{622BD90A-E4AC-46BB-A254-9866D202C607}"
EndProject
Project("{9A19103F-16F7-4668-BE54-9A1E7A4F7556}") = "Diamond.Core.Rules.Abstractions", "Rules\Diamond.Core.Rules.Abstractions\Diamond.Core.Rules.Abstractions.csproj", "{DE13D2E8-6AFB-4866-957E-92271A085D76}"
EndProject
Project("{2150E333-8FDC-42A3-9474-1A3956D46DE8}") = "Repository", "Repository", "{4949C8F2-68C0-4881-BB72-6DAFA4E07FED}"
EndProject
Project("{2150E333-8FDC-42A3-9474-1A3956D46DE8}") = "Unit of Work", "Unit of Work", "{436A819A-2603-4250-B15C-92AB4A203667}"
EndProject
Project("{2150E333-8FDC-42A3-9474-1A3956D46DE8}") = "AspNetCore", "AspNetCore", "{1C7989E4-B881-476E-ACE9-0421C9726FE1}"
EndProject
Project("{2150E333-8FDC-42A3-9474-1A3956D46DE8}") = "Command Line", "Command Line", "{0A4746BF-500B-4583-A39F-76EA4D0A9B9E}"
EndProject
Project("{9A19103F-16F7-4668-BE54-9A1E7A4F7556}") = "Diamond.Core.Example.Shared", "Examples\Diamond.Core.Example.Shared\Diamond.Core.Example.Shared.csproj", "{64A253C6-BB9D-4D3A-AB3E-7B19ABAB98C9}"
EndProject
Project("{9A19103F-16F7-4668-BE54-9A1E7A4F7556}") = "Diamond.Core.Decorator.Abstractions", "Decorator\Diamond.Core.Decorator.Abstractions\Diamond.Core.Decorator.Abstractions.csproj", "{F91B68EA-6163-45F5-87A1-79675204C712}"
EndProject
Project("{9A19103F-16F7-4668-BE54-9A1E7A4F7556}") = "Diamond.Core.UnitOfWork.Abstractions", "Unit of Work\Diamond.Core.UnitOfWork.Abstractions\Diamond.Core.UnitOfWork.Abstractions.csproj", "{223F5D47-3029-45A8-BE7D-B80EED89BD69}"
EndProject
Project("{9A19103F-16F7-4668-BE54-9A1E7A4F7556}") = "Diamond.Core.Repository.EntityFrameworkCore", "Repository\Diamond.Core.Repository.EntityFrameworkCore\Diamond.Core.Repository.EntityFrameworkCore.csproj", "{E08B39EB-EA58-4784-BC9B-4D0FDDEEBC74}"
EndProject
Project("{9A19103F-16F7-4668-BE54-9A1E7A4F7556}") = "Diamond.Core.Repository", "Repository\Diamond.Core.Repository\Diamond.Core.Repository.csproj", "{184EE3EB-305B-4C6A-8DD5-EB17CAF80A36}"
EndProject
Project("{9A19103F-16F7-4668-BE54-9A1E7A4F7556}") = "Diamond.Core.Repository.Abstractions", "Repository\Diamond.Core.Repository.Abstractions\Diamond.Core.Repository.Abstractions.csproj", "{54CA146E-D84A-4809-99CB-B669B634907F}"
EndProject
Project("{9A19103F-16F7-4668-BE54-9A1E7A4F7556}") = "Diamond.Core.Example.ConsoleCommand", "Examples\Diamond.Core.Example.ConsoleCommand\Diamond.Core.Example.ConsoleCommand.csproj", "{AF6D337A-FB8F-47BF-B98D-981D56FE3235}"
EndProject
Project("{9A19103F-16F7-4668-BE54-9A1E7A4F7556}") = "Diamond.Core.Example.Unity", "Examples\Diamond.Core.Example.Unity\Diamond.Core.Example.Unity.csproj", "{4DF7B758-E638-4621-B7F8-EA0300E2FE5B}"
EndProject
Project("{2150E333-8FDC-42A3-9474-1A3956D46DE8}") = "Hosting", "Hosting", "{F8A33FE8-1B4F-44AD-A0CF-A6C28373AFD9}"
EndProject
Project("{9A19103F-16F7-4668-BE54-9A1E7A4F7556}") = "Diamond.Core.Extensions.Hosting", "Hosting\Diamond.Core.Extensions.Hosting\Diamond.Core.Extensions.Hosting.csproj", "{BF814ED9-A33F-4582-9658-FDC9A501A2AE}"
EndProject
Project("{9A19103F-16F7-4668-BE54-9A1E7A4F7556}") = "Diamond.Core.Extensions.Hosting.Abstractions", "Hosting\Diamond.Core.Extensions.Hosting.Abstractions\Diamond.Core.Extensions.Hosting.Abstractions.csproj", "{0B974885-8A65-478A-A5AF-991D8E3E29DA}"
EndProject
Project("{9A19103F-16F7-4668-BE54-9A1E7A4F7556}") = "Diamond.Core.AspNet.Swagger", "AspNetCore\Diamond.Core.AspNet.Swagger\Diamond.Core.AspNet.Swagger.csproj", "{008A3B7C-545F-400A-8230-BFF65FCDA8C2}"
EndProject
Project("{9A19103F-16F7-4668-BE54-9A1E7A4F7556}") = "Diamond.Core.CommandLine", "Command Line\Diamond.Core.CommandLine\Diamond.Core.CommandLine.csproj", "{981015AE-CB24-43BE-B671-464358906B28}"
EndProject
Project("{9A19103F-16F7-4668-BE54-9A1E7A4F7556}") = "Diamond.Core.CommandLine.Abstractions", "Command Line\Diamond.Core.CommandLine.Abstractions\Diamond.Core.CommandLine.Abstractions.csproj", "{44B3BF8A-3491-44C3-82FD-A6A435A72535}"
EndProject
Project("{9A19103F-16F7-4668-BE54-9A1E7A4F7556}") = "Diamond.Core.Extensions.DependencyInjection", "Dependency-Injection\Diamond.Core.Extensions.DependencyInjection\Diamond.Core.Extensions.DependencyInjection.csproj", "{EB8ECD91-5945-47EA-BA8A-425C70FF47FA}"
EndProject
Project("{9A19103F-16F7-4668-BE54-9A1E7A4F7556}") = "Diamond.Core.Extensions.DependencyInjection.Abstractions", "Dependency-Injection\Diamond.Core.Extensions.DependencyInjection.Abstractions\Diamond.Core.Extensions.DependencyInjection.Abstractions.csproj", "{6CB2E232-253C-4E11-856C-93BD362CB161}"
EndProject
Project("{FAE04EC0-301F-11D3-BF4B-00C04F79EFBC}") = "Diamond.Core.CommandLine.Model", "Command Line\Diamond.Core.CommandLine.Model\Diamond.Core.CommandLine.Model.csproj", "{9C760A68-9B92-4D4F-BBE0-1E83412487B2}"
EndProject
Project("{FAE04EC0-301F-11D3-BF4B-00C04F79EFBC}") = "Diamond.Core.Extensions.DependencyInjection.SqlServer", "Dependency-Injection\Diamond.Core.Extensions.DependencyInjection.SqlServer\Diamond.Core.Extensions.DependencyInjection.SqlServer.csproj", "{A3609D5F-E03A-4995-8663-10F8D49023FF}"
EndProject
Project("{FAE04EC0-301F-11D3-BF4B-00C04F79EFBC}") = "Diamond.Core.Extensions.DependencyInjection.EntityFrameworkCore", "Dependency-Injection\Diamond.Core.Extensions.DependencyInjection.EntityFrameworkCore\Diamond.Core.Extensions.DependencyInjection.EntityFrameworkCore.csproj", "{44D6E0A2-E772-49AF-9C86-A5C19CE76FDD}"
EndProject
Project("{FAE04EC0-301F-11D3-BF4B-00C04F79EFBC}") = "Diamond.Core.Extensions.DependencyInjection.Sqlite", "Dependency-Injection\Diamond.Core.Extensions.DependencyInjection.Sqlite\Diamond.Core.Extensions.DependencyInjection.Sqlite.csproj", "{C0EEC7B7-5127-4617-A20A-D866AB3ABFB1}"
EndProject
Project("{FAE04EC0-301F-11D3-BF4B-00C04F79EFBC}") = "Diamond.Core.Extensions.DependencyInjection.InMemory", "Dependency-Injection\Diamond.Core.Extensions.DependencyInjection.InMemory\Diamond.Core.Extensions.DependencyInjection.InMemory.csproj", "{1458CA61-6DB0-4CE1-BF3E-D18EAAA0E7CD}"
EndProject
Project("{FAE04EC0-301F-11D3-BF4B-00C04F79EFBC}") = "Diamond.Core.Extensions.DependencyInjection.PostgreSQL", "Dependency-Injection\Diamond.Core.Extensions.DependencyInjection.PostgreSQL\Diamond.Core.Extensions.DependencyInjection.PostgreSQL.csproj", "{D4D6E03D-3FD9-499F-80EF-B38648F1F334}"
EndProject
Global
	GlobalSection(SolutionConfigurationPlatforms) = preSolution
		Debug|Any CPU = Debug|Any CPU
		Release|Any CPU = Release|Any CPU
	EndGlobalSection
	GlobalSection(ProjectConfigurationPlatforms) = postSolution
		{33C88E6C-2FBA-4999-A989-061804C71BEC}.Debug|Any CPU.ActiveCfg = Debug|Any CPU
		{33C88E6C-2FBA-4999-A989-061804C71BEC}.Debug|Any CPU.Build.0 = Debug|Any CPU
		{33C88E6C-2FBA-4999-A989-061804C71BEC}.Release|Any CPU.ActiveCfg = Release|Any CPU
		{33C88E6C-2FBA-4999-A989-061804C71BEC}.Release|Any CPU.Build.0 = Release|Any CPU
		{DFDBC1A2-4689-456A-83F1-60987CA888D6}.Debug|Any CPU.ActiveCfg = Debug|Any CPU
		{DFDBC1A2-4689-456A-83F1-60987CA888D6}.Debug|Any CPU.Build.0 = Debug|Any CPU
		{DFDBC1A2-4689-456A-83F1-60987CA888D6}.Release|Any CPU.ActiveCfg = Release|Any CPU
		{DFDBC1A2-4689-456A-83F1-60987CA888D6}.Release|Any CPU.Build.0 = Release|Any CPU
		{5800ABE8-CFB3-4B25-BA32-611A1BEBD40E}.Debug|Any CPU.ActiveCfg = Debug|Any CPU
		{5800ABE8-CFB3-4B25-BA32-611A1BEBD40E}.Debug|Any CPU.Build.0 = Debug|Any CPU
		{5800ABE8-CFB3-4B25-BA32-611A1BEBD40E}.Release|Any CPU.ActiveCfg = Release|Any CPU
		{5800ABE8-CFB3-4B25-BA32-611A1BEBD40E}.Release|Any CPU.Build.0 = Release|Any CPU
		{85F7F8B5-4576-44FE-9F04-765C4E39AF3C}.Debug|Any CPU.ActiveCfg = Debug|Any CPU
		{85F7F8B5-4576-44FE-9F04-765C4E39AF3C}.Debug|Any CPU.Build.0 = Debug|Any CPU
		{85F7F8B5-4576-44FE-9F04-765C4E39AF3C}.Release|Any CPU.ActiveCfg = Release|Any CPU
		{85F7F8B5-4576-44FE-9F04-765C4E39AF3C}.Release|Any CPU.Build.0 = Release|Any CPU
		{4D6B08F6-D369-4F58-B9D0-3E11E3108E4F}.Debug|Any CPU.ActiveCfg = Debug|Any CPU
		{4D6B08F6-D369-4F58-B9D0-3E11E3108E4F}.Debug|Any CPU.Build.0 = Debug|Any CPU
		{4D6B08F6-D369-4F58-B9D0-3E11E3108E4F}.Release|Any CPU.ActiveCfg = Release|Any CPU
		{4D6B08F6-D369-4F58-B9D0-3E11E3108E4F}.Release|Any CPU.Build.0 = Release|Any CPU
		{41ED848D-3A1F-45E2-9F0F-53C5E9B3E098}.Debug|Any CPU.ActiveCfg = Debug|Any CPU
		{41ED848D-3A1F-45E2-9F0F-53C5E9B3E098}.Debug|Any CPU.Build.0 = Debug|Any CPU
		{41ED848D-3A1F-45E2-9F0F-53C5E9B3E098}.Release|Any CPU.ActiveCfg = Release|Any CPU
		{41ED848D-3A1F-45E2-9F0F-53C5E9B3E098}.Release|Any CPU.Build.0 = Release|Any CPU
		{923C2E38-839B-4400-AAC4-E48DF5AC9E8B}.Debug|Any CPU.ActiveCfg = Debug|Any CPU
		{923C2E38-839B-4400-AAC4-E48DF5AC9E8B}.Debug|Any CPU.Build.0 = Debug|Any CPU
		{923C2E38-839B-4400-AAC4-E48DF5AC9E8B}.Release|Any CPU.ActiveCfg = Release|Any CPU
		{923C2E38-839B-4400-AAC4-E48DF5AC9E8B}.Release|Any CPU.Build.0 = Release|Any CPU
		{CA5FD446-8EE5-49B5-909D-7AC35AD24FEA}.Debug|Any CPU.ActiveCfg = Debug|Any CPU
		{CA5FD446-8EE5-49B5-909D-7AC35AD24FEA}.Debug|Any CPU.Build.0 = Debug|Any CPU
		{CA5FD446-8EE5-49B5-909D-7AC35AD24FEA}.Release|Any CPU.ActiveCfg = Release|Any CPU
		{CA5FD446-8EE5-49B5-909D-7AC35AD24FEA}.Release|Any CPU.Build.0 = Release|Any CPU
		{66172244-7A55-4C25-9FE8-933FED883FEA}.Debug|Any CPU.ActiveCfg = Debug|Any CPU
		{66172244-7A55-4C25-9FE8-933FED883FEA}.Debug|Any CPU.Build.0 = Debug|Any CPU
		{66172244-7A55-4C25-9FE8-933FED883FEA}.Release|Any CPU.ActiveCfg = Release|Any CPU
		{66172244-7A55-4C25-9FE8-933FED883FEA}.Release|Any CPU.Build.0 = Release|Any CPU
		{BA0C8F9C-2243-425C-955F-D66ECCB646C7}.Debug|Any CPU.ActiveCfg = Debug|Any CPU
		{BA0C8F9C-2243-425C-955F-D66ECCB646C7}.Debug|Any CPU.Build.0 = Debug|Any CPU
		{BA0C8F9C-2243-425C-955F-D66ECCB646C7}.Release|Any CPU.ActiveCfg = Release|Any CPU
		{BA0C8F9C-2243-425C-955F-D66ECCB646C7}.Release|Any CPU.Build.0 = Release|Any CPU
		{DDBF0AAF-D83C-405F-A9B7-8661689B2491}.Debug|Any CPU.ActiveCfg = Debug|Any CPU
		{DDBF0AAF-D83C-405F-A9B7-8661689B2491}.Debug|Any CPU.Build.0 = Debug|Any CPU
		{DDBF0AAF-D83C-405F-A9B7-8661689B2491}.Release|Any CPU.ActiveCfg = Release|Any CPU
		{DDBF0AAF-D83C-405F-A9B7-8661689B2491}.Release|Any CPU.Build.0 = Release|Any CPU
		{8193E54B-CEBD-4C7A-A0CE-8647C5014387}.Debug|Any CPU.ActiveCfg = Debug|Any CPU
		{8193E54B-CEBD-4C7A-A0CE-8647C5014387}.Debug|Any CPU.Build.0 = Debug|Any CPU
		{8193E54B-CEBD-4C7A-A0CE-8647C5014387}.Release|Any CPU.ActiveCfg = Release|Any CPU
		{8193E54B-CEBD-4C7A-A0CE-8647C5014387}.Release|Any CPU.Build.0 = Release|Any CPU
		{C72CFD4A-A948-49DD-98FB-DEFB36E33157}.Debug|Any CPU.ActiveCfg = Debug|Any CPU
		{C72CFD4A-A948-49DD-98FB-DEFB36E33157}.Debug|Any CPU.Build.0 = Debug|Any CPU
		{C72CFD4A-A948-49DD-98FB-DEFB36E33157}.Release|Any CPU.ActiveCfg = Release|Any CPU
		{C72CFD4A-A948-49DD-98FB-DEFB36E33157}.Release|Any CPU.Build.0 = Release|Any CPU
		{720DF8F4-BBF8-43DB-8536-D52FF900C71B}.Debug|Any CPU.ActiveCfg = Debug|Any CPU
		{720DF8F4-BBF8-43DB-8536-D52FF900C71B}.Debug|Any CPU.Build.0 = Debug|Any CPU
		{720DF8F4-BBF8-43DB-8536-D52FF900C71B}.Release|Any CPU.ActiveCfg = Release|Any CPU
		{720DF8F4-BBF8-43DB-8536-D52FF900C71B}.Release|Any CPU.Build.0 = Release|Any CPU
		{128AD3CF-112F-499D-BF20-27C3B99305D1}.Debug|Any CPU.ActiveCfg = Debug|Any CPU
		{128AD3CF-112F-499D-BF20-27C3B99305D1}.Debug|Any CPU.Build.0 = Debug|Any CPU
		{128AD3CF-112F-499D-BF20-27C3B99305D1}.Release|Any CPU.ActiveCfg = Release|Any CPU
		{128AD3CF-112F-499D-BF20-27C3B99305D1}.Release|Any CPU.Build.0 = Release|Any CPU
		{DE13D2E8-6AFB-4866-957E-92271A085D76}.Debug|Any CPU.ActiveCfg = Debug|Any CPU
		{DE13D2E8-6AFB-4866-957E-92271A085D76}.Debug|Any CPU.Build.0 = Debug|Any CPU
		{DE13D2E8-6AFB-4866-957E-92271A085D76}.Release|Any CPU.ActiveCfg = Release|Any CPU
		{DE13D2E8-6AFB-4866-957E-92271A085D76}.Release|Any CPU.Build.0 = Release|Any CPU
		{64A253C6-BB9D-4D3A-AB3E-7B19ABAB98C9}.Debug|Any CPU.ActiveCfg = Debug|Any CPU
		{64A253C6-BB9D-4D3A-AB3E-7B19ABAB98C9}.Debug|Any CPU.Build.0 = Debug|Any CPU
		{64A253C6-BB9D-4D3A-AB3E-7B19ABAB98C9}.Release|Any CPU.ActiveCfg = Release|Any CPU
		{64A253C6-BB9D-4D3A-AB3E-7B19ABAB98C9}.Release|Any CPU.Build.0 = Release|Any CPU
		{F91B68EA-6163-45F5-87A1-79675204C712}.Debug|Any CPU.ActiveCfg = Debug|Any CPU
		{F91B68EA-6163-45F5-87A1-79675204C712}.Debug|Any CPU.Build.0 = Debug|Any CPU
		{F91B68EA-6163-45F5-87A1-79675204C712}.Release|Any CPU.ActiveCfg = Release|Any CPU
		{F91B68EA-6163-45F5-87A1-79675204C712}.Release|Any CPU.Build.0 = Release|Any CPU
		{223F5D47-3029-45A8-BE7D-B80EED89BD69}.Debug|Any CPU.ActiveCfg = Debug|Any CPU
		{223F5D47-3029-45A8-BE7D-B80EED89BD69}.Debug|Any CPU.Build.0 = Debug|Any CPU
		{223F5D47-3029-45A8-BE7D-B80EED89BD69}.Release|Any CPU.ActiveCfg = Release|Any CPU
		{223F5D47-3029-45A8-BE7D-B80EED89BD69}.Release|Any CPU.Build.0 = Release|Any CPU
		{E08B39EB-EA58-4784-BC9B-4D0FDDEEBC74}.Debug|Any CPU.ActiveCfg = Debug|Any CPU
		{E08B39EB-EA58-4784-BC9B-4D0FDDEEBC74}.Debug|Any CPU.Build.0 = Debug|Any CPU
		{E08B39EB-EA58-4784-BC9B-4D0FDDEEBC74}.Release|Any CPU.ActiveCfg = Release|Any CPU
		{E08B39EB-EA58-4784-BC9B-4D0FDDEEBC74}.Release|Any CPU.Build.0 = Release|Any CPU
		{184EE3EB-305B-4C6A-8DD5-EB17CAF80A36}.Debug|Any CPU.ActiveCfg = Debug|Any CPU
		{184EE3EB-305B-4C6A-8DD5-EB17CAF80A36}.Debug|Any CPU.Build.0 = Debug|Any CPU
		{184EE3EB-305B-4C6A-8DD5-EB17CAF80A36}.Release|Any CPU.ActiveCfg = Release|Any CPU
		{184EE3EB-305B-4C6A-8DD5-EB17CAF80A36}.Release|Any CPU.Build.0 = Release|Any CPU
		{54CA146E-D84A-4809-99CB-B669B634907F}.Debug|Any CPU.ActiveCfg = Debug|Any CPU
		{54CA146E-D84A-4809-99CB-B669B634907F}.Debug|Any CPU.Build.0 = Debug|Any CPU
		{54CA146E-D84A-4809-99CB-B669B634907F}.Release|Any CPU.ActiveCfg = Release|Any CPU
		{54CA146E-D84A-4809-99CB-B669B634907F}.Release|Any CPU.Build.0 = Release|Any CPU
		{AF6D337A-FB8F-47BF-B98D-981D56FE3235}.Debug|Any CPU.ActiveCfg = Debug|Any CPU
		{AF6D337A-FB8F-47BF-B98D-981D56FE3235}.Debug|Any CPU.Build.0 = Debug|Any CPU
		{AF6D337A-FB8F-47BF-B98D-981D56FE3235}.Release|Any CPU.ActiveCfg = Release|Any CPU
		{AF6D337A-FB8F-47BF-B98D-981D56FE3235}.Release|Any CPU.Build.0 = Release|Any CPU
		{4DF7B758-E638-4621-B7F8-EA0300E2FE5B}.Debug|Any CPU.ActiveCfg = Debug|Any CPU
		{4DF7B758-E638-4621-B7F8-EA0300E2FE5B}.Debug|Any CPU.Build.0 = Debug|Any CPU
		{4DF7B758-E638-4621-B7F8-EA0300E2FE5B}.Release|Any CPU.ActiveCfg = Release|Any CPU
		{4DF7B758-E638-4621-B7F8-EA0300E2FE5B}.Release|Any CPU.Build.0 = Release|Any CPU
		{BF814ED9-A33F-4582-9658-FDC9A501A2AE}.Debug|Any CPU.ActiveCfg = Debug|Any CPU
		{BF814ED9-A33F-4582-9658-FDC9A501A2AE}.Debug|Any CPU.Build.0 = Debug|Any CPU
		{BF814ED9-A33F-4582-9658-FDC9A501A2AE}.Release|Any CPU.ActiveCfg = Release|Any CPU
		{BF814ED9-A33F-4582-9658-FDC9A501A2AE}.Release|Any CPU.Build.0 = Release|Any CPU
		{0B974885-8A65-478A-A5AF-991D8E3E29DA}.Debug|Any CPU.ActiveCfg = Debug|Any CPU
		{0B974885-8A65-478A-A5AF-991D8E3E29DA}.Debug|Any CPU.Build.0 = Debug|Any CPU
		{0B974885-8A65-478A-A5AF-991D8E3E29DA}.Release|Any CPU.ActiveCfg = Release|Any CPU
		{0B974885-8A65-478A-A5AF-991D8E3E29DA}.Release|Any CPU.Build.0 = Release|Any CPU
		{008A3B7C-545F-400A-8230-BFF65FCDA8C2}.Debug|Any CPU.ActiveCfg = Debug|Any CPU
		{008A3B7C-545F-400A-8230-BFF65FCDA8C2}.Debug|Any CPU.Build.0 = Debug|Any CPU
		{008A3B7C-545F-400A-8230-BFF65FCDA8C2}.Release|Any CPU.ActiveCfg = Release|Any CPU
		{008A3B7C-545F-400A-8230-BFF65FCDA8C2}.Release|Any CPU.Build.0 = Release|Any CPU
		{981015AE-CB24-43BE-B671-464358906B28}.Debug|Any CPU.ActiveCfg = Debug|Any CPU
		{981015AE-CB24-43BE-B671-464358906B28}.Debug|Any CPU.Build.0 = Debug|Any CPU
		{981015AE-CB24-43BE-B671-464358906B28}.Release|Any CPU.ActiveCfg = Release|Any CPU
		{981015AE-CB24-43BE-B671-464358906B28}.Release|Any CPU.Build.0 = Release|Any CPU
		{44B3BF8A-3491-44C3-82FD-A6A435A72535}.Debug|Any CPU.ActiveCfg = Debug|Any CPU
		{44B3BF8A-3491-44C3-82FD-A6A435A72535}.Debug|Any CPU.Build.0 = Debug|Any CPU
		{44B3BF8A-3491-44C3-82FD-A6A435A72535}.Release|Any CPU.ActiveCfg = Release|Any CPU
		{44B3BF8A-3491-44C3-82FD-A6A435A72535}.Release|Any CPU.Build.0 = Release|Any CPU
		{EB8ECD91-5945-47EA-BA8A-425C70FF47FA}.Debug|Any CPU.ActiveCfg = Debug|Any CPU
		{EB8ECD91-5945-47EA-BA8A-425C70FF47FA}.Debug|Any CPU.Build.0 = Debug|Any CPU
		{EB8ECD91-5945-47EA-BA8A-425C70FF47FA}.Release|Any CPU.ActiveCfg = Release|Any CPU
		{EB8ECD91-5945-47EA-BA8A-425C70FF47FA}.Release|Any CPU.Build.0 = Release|Any CPU
		{6CB2E232-253C-4E11-856C-93BD362CB161}.Debug|Any CPU.ActiveCfg = Debug|Any CPU
		{6CB2E232-253C-4E11-856C-93BD362CB161}.Debug|Any CPU.Build.0 = Debug|Any CPU
		{6CB2E232-253C-4E11-856C-93BD362CB161}.Release|Any CPU.ActiveCfg = Release|Any CPU
		{6CB2E232-253C-4E11-856C-93BD362CB161}.Release|Any CPU.Build.0 = Release|Any CPU
		{9C760A68-9B92-4D4F-BBE0-1E83412487B2}.Debug|Any CPU.ActiveCfg = Debug|Any CPU
		{9C760A68-9B92-4D4F-BBE0-1E83412487B2}.Debug|Any CPU.Build.0 = Debug|Any CPU
		{9C760A68-9B92-4D4F-BBE0-1E83412487B2}.Release|Any CPU.ActiveCfg = Release|Any CPU
		{9C760A68-9B92-4D4F-BBE0-1E83412487B2}.Release|Any CPU.Build.0 = Release|Any CPU
		{A3609D5F-E03A-4995-8663-10F8D49023FF}.Debug|Any CPU.ActiveCfg = Debug|Any CPU
		{A3609D5F-E03A-4995-8663-10F8D49023FF}.Debug|Any CPU.Build.0 = Debug|Any CPU
		{A3609D5F-E03A-4995-8663-10F8D49023FF}.Release|Any CPU.ActiveCfg = Release|Any CPU
		{A3609D5F-E03A-4995-8663-10F8D49023FF}.Release|Any CPU.Build.0 = Release|Any CPU
		{44D6E0A2-E772-49AF-9C86-A5C19CE76FDD}.Debug|Any CPU.ActiveCfg = Debug|Any CPU
		{44D6E0A2-E772-49AF-9C86-A5C19CE76FDD}.Debug|Any CPU.Build.0 = Debug|Any CPU
		{44D6E0A2-E772-49AF-9C86-A5C19CE76FDD}.Release|Any CPU.ActiveCfg = Release|Any CPU
		{44D6E0A2-E772-49AF-9C86-A5C19CE76FDD}.Release|Any CPU.Build.0 = Release|Any CPU
		{C0EEC7B7-5127-4617-A20A-D866AB3ABFB1}.Debug|Any CPU.ActiveCfg = Debug|Any CPU
		{C0EEC7B7-5127-4617-A20A-D866AB3ABFB1}.Debug|Any CPU.Build.0 = Debug|Any CPU
		{C0EEC7B7-5127-4617-A20A-D866AB3ABFB1}.Release|Any CPU.ActiveCfg = Release|Any CPU
		{C0EEC7B7-5127-4617-A20A-D866AB3ABFB1}.Release|Any CPU.Build.0 = Release|Any CPU
		{1458CA61-6DB0-4CE1-BF3E-D18EAAA0E7CD}.Debug|Any CPU.ActiveCfg = Debug|Any CPU
		{1458CA61-6DB0-4CE1-BF3E-D18EAAA0E7CD}.Debug|Any CPU.Build.0 = Debug|Any CPU
		{1458CA61-6DB0-4CE1-BF3E-D18EAAA0E7CD}.Release|Any CPU.ActiveCfg = Release|Any CPU
		{1458CA61-6DB0-4CE1-BF3E-D18EAAA0E7CD}.Release|Any CPU.Build.0 = Release|Any CPU
		{D4D6E03D-3FD9-499F-80EF-B38648F1F334}.Debug|Any CPU.ActiveCfg = Debug|Any CPU
		{D4D6E03D-3FD9-499F-80EF-B38648F1F334}.Debug|Any CPU.Build.0 = Debug|Any CPU
		{D4D6E03D-3FD9-499F-80EF-B38648F1F334}.Release|Any CPU.ActiveCfg = Release|Any CPU
		{D4D6E03D-3FD9-499F-80EF-B38648F1F334}.Release|Any CPU.Build.0 = Release|Any CPU
	EndGlobalSection
	GlobalSection(SolutionProperties) = preSolution
		HideSolutionNode = FALSE
	EndGlobalSection
	GlobalSection(NestedProjects) = preSolution
		{33C88E6C-2FBA-4999-A989-061804C71BEC} = {96401A54-54C5-4347-93A5-BA78E4CCDFED}
		{DFDBC1A2-4689-456A-83F1-60987CA888D6} = {436A819A-2603-4250-B15C-92AB4A203667}
		{5800ABE8-CFB3-4B25-BA32-611A1BEBD40E} = {D2924B42-A572-4D29-AA82-EB69ADC9BBFF}
		{85F7F8B5-4576-44FE-9F04-765C4E39AF3C} = {A0DFAB69-CDA7-44ED-BAF0-C5D90FD95072}
		{4D6B08F6-D369-4F58-B9D0-3E11E3108E4F} = {A0DFAB69-CDA7-44ED-BAF0-C5D90FD95072}
		{41ED848D-3A1F-45E2-9F0F-53C5E9B3E098} = {A289C427-A10A-4C63-B3BC-2A38147F9943}
		{923C2E38-839B-4400-AAC4-E48DF5AC9E8B} = {D2924B42-A572-4D29-AA82-EB69ADC9BBFF}
		{CA5FD446-8EE5-49B5-909D-7AC35AD24FEA} = {1C7989E4-B881-476E-ACE9-0421C9726FE1}
		{66172244-7A55-4C25-9FE8-933FED883FEA} = {1C7989E4-B881-476E-ACE9-0421C9726FE1}
		{BA0C8F9C-2243-425C-955F-D66ECCB646C7} = {622BD90A-E4AC-46BB-A254-9866D202C607}
		{DDBF0AAF-D83C-405F-A9B7-8661689B2491} = {D2924B42-A572-4D29-AA82-EB69ADC9BBFF}
		{8193E54B-CEBD-4C7A-A0CE-8647C5014387} = {D2924B42-A572-4D29-AA82-EB69ADC9BBFF}
		{C72CFD4A-A948-49DD-98FB-DEFB36E33157} = {A289C427-A10A-4C63-B3BC-2A38147F9943}
		{720DF8F4-BBF8-43DB-8536-D52FF900C71B} = {B27AF0DE-B54B-4F22-A25D-3E02107FAC58}
		{128AD3CF-112F-499D-BF20-27C3B99305D1} = {B27AF0DE-B54B-4F22-A25D-3E02107FAC58}
		{DE13D2E8-6AFB-4866-957E-92271A085D76} = {622BD90A-E4AC-46BB-A254-9866D202C607}
		{64A253C6-BB9D-4D3A-AB3E-7B19ABAB98C9} = {B27AF0DE-B54B-4F22-A25D-3E02107FAC58}
		{F91B68EA-6163-45F5-87A1-79675204C712} = {96401A54-54C5-4347-93A5-BA78E4CCDFED}
		{223F5D47-3029-45A8-BE7D-B80EED89BD69} = {436A819A-2603-4250-B15C-92AB4A203667}
		{E08B39EB-EA58-4784-BC9B-4D0FDDEEBC74} = {4949C8F2-68C0-4881-BB72-6DAFA4E07FED}
		{184EE3EB-305B-4C6A-8DD5-EB17CAF80A36} = {4949C8F2-68C0-4881-BB72-6DAFA4E07FED}
		{54CA146E-D84A-4809-99CB-B669B634907F} = {4949C8F2-68C0-4881-BB72-6DAFA4E07FED}
		{AF6D337A-FB8F-47BF-B98D-981D56FE3235} = {B27AF0DE-B54B-4F22-A25D-3E02107FAC58}
		{4DF7B758-E638-4621-B7F8-EA0300E2FE5B} = {B27AF0DE-B54B-4F22-A25D-3E02107FAC58}
		{BF814ED9-A33F-4582-9658-FDC9A501A2AE} = {F8A33FE8-1B4F-44AD-A0CF-A6C28373AFD9}
		{0B974885-8A65-478A-A5AF-991D8E3E29DA} = {F8A33FE8-1B4F-44AD-A0CF-A6C28373AFD9}
		{008A3B7C-545F-400A-8230-BFF65FCDA8C2} = {1C7989E4-B881-476E-ACE9-0421C9726FE1}
		{981015AE-CB24-43BE-B671-464358906B28} = {0A4746BF-500B-4583-A39F-76EA4D0A9B9E}
		{44B3BF8A-3491-44C3-82FD-A6A435A72535} = {0A4746BF-500B-4583-A39F-76EA4D0A9B9E}
		{EB8ECD91-5945-47EA-BA8A-425C70FF47FA} = {AE576974-2F85-47D3-B00C-5FC577E3F321}
		{6CB2E232-253C-4E11-856C-93BD362CB161} = {AE576974-2F85-47D3-B00C-5FC577E3F321}
		{9C760A68-9B92-4D4F-BBE0-1E83412487B2} = {0A4746BF-500B-4583-A39F-76EA4D0A9B9E}
		{A3609D5F-E03A-4995-8663-10F8D49023FF} = {AE576974-2F85-47D3-B00C-5FC577E3F321}
		{44D6E0A2-E772-49AF-9C86-A5C19CE76FDD} = {AE576974-2F85-47D3-B00C-5FC577E3F321}
		{C0EEC7B7-5127-4617-A20A-D866AB3ABFB1} = {AE576974-2F85-47D3-B00C-5FC577E3F321}
		{1458CA61-6DB0-4CE1-BF3E-D18EAAA0E7CD} = {AE576974-2F85-47D3-B00C-5FC577E3F321}
		{D4D6E03D-3FD9-499F-80EF-B38648F1F334} = {AE576974-2F85-47D3-B00C-5FC577E3F321}
	EndGlobalSection
	GlobalSection(ExtensibilityGlobals) = postSolution
		SolutionGuid = {C3E8A73B-316C-4089-B281-E5E2E4109A3C}
	EndGlobalSection
EndGlobal
